
Microsoft Visual Studio Solution File, Format Version 12.00
# Visual Studio Version 16
VisualStudioVersion = 16.0.29613.14
MinimumVisualStudioVersion = 10.0.40219.1
Project("{FAE04EC0-301F-11D3-BF4B-00C04F79EFBC}") = "FinanceLine", "FinanceLine.csproj", "{74375CF7-A722-4AA1-9CA1-1C533502C960}"
EndProject
Global
	GlobalSection(SolutionConfigurationPlatforms) = preSolution
		Debug|Any CPU = Debug|Any CPU
		Release|Any CPU = Release|Any CPU
	EndGlobalSection
	GlobalSection(ProjectConfigurationPlatforms) = postSolution
		{74375CF7-A722-4AA1-9CA1-1C533502C960}.Debug|Any CPU.ActiveCfg = Debug|Any CPU
		{74375CF7-A722-4AA1-9CA1-1C533502C960}.Debug|Any CPU.Build.0 = Debug|Any CPU
		{74375CF7-A722-4AA1-9CA1-1C533502C960}.Release|Any CPU.ActiveCfg = Release|Any CPU
		{74375CF7-A722-4AA1-9CA1-1C533502C960}.Release|Any CPU.Build.0 = Release|Any CPU
	EndGlobalSection
	GlobalSection(SolutionProperties) = preSolution
		HideSolutionNode = FALSE
	EndGlobalSection
	GlobalSection(ExtensibilityGlobals) = postSolution
		SolutionGuid = {860B82DA-F690-45FF-A36E-E4C062C0C97C}
	EndGlobalSection
EndGlobal
